// !$*UTF8*$!
{
	archiveVersion = 1;
	classes = {
	};
	objectVersion = 51;
	objects = {

/* Begin PBXBuildFile section */
		0C72373A2393F018B6201038 /* Pods_WeSplitTests.framework in Frameworks */ = {isa = PBXBuildFile; fileRef = 5CF2CA40969E37CFA3B1867B /* Pods_WeSplitTests.framework */; };
		85FBC5EC2416550B00417BAB /* AppDelegate.swift in Sources */ = {isa = PBXBuildFile; fileRef = 85FBC5EB2416550B00417BAB /* AppDelegate.swift */; };
		85FBC5EE2416550B00417BAB /* SceneDelegate.swift in Sources */ = {isa = PBXBuildFile; fileRef = 85FBC5ED2416550B00417BAB /* SceneDelegate.swift */; };
		85FBC5F02416550B00417BAB /* ContentView.swift in Sources */ = {isa = PBXBuildFile; fileRef = 85FBC5EF2416550B00417BAB /* ContentView.swift */; };
		85FBC5F22416550C00417BAB /* Assets.xcassets in Resources */ = {isa = PBXBuildFile; fileRef = 85FBC5F12416550C00417BAB /* Assets.xcassets */; };
		85FBC5F52416550C00417BAB /* Preview Assets.xcassets in Resources */ = {isa = PBXBuildFile; fileRef = 85FBC5F42416550C00417BAB /* Preview Assets.xcassets */; };
		85FBC5F82416550C00417BAB /* LaunchScreen.storyboard in Resources */ = {isa = PBXBuildFile; fileRef = 85FBC5F62416550C00417BAB /* LaunchScreen.storyboard */; };
		85FBC6032416550C00417BAB /* sampleTests.swift in Sources */ = {isa = PBXBuildFile; fileRef = 85FBC6022416550C00417BAB /* sampleTests.swift */; };
		85FBC60E2416550C00417BAB /* sampleUITests.swift in Sources */ = {isa = PBXBuildFile; fileRef = 85FBC60D2416550C00417BAB /* sampleUITests.swift */; };
		9F9CD16B536E24C844223A0C /* Pods_WeSplit.framework in Frameworks */ = {isa = PBXBuildFile; fileRef = 6DC8D9FAE33ED8B1A78C1562 /* Pods_WeSplit.framework */; };
		EEBEA299607FD44E0D728C2F /* Pods_WeSplit_WeSplitUITests.framework in Frameworks */ = {isa = PBXBuildFile; fileRef = F2AD20FF8916280FD2EB1B2E /* Pods_WeSplit_WeSplitUITests.framework */; };
/* End PBXBuildFile section */

/* Begin PBXContainerItemProxy section */
		85FBC5FF2416550C00417BAB /* PBXContainerItemProxy */ = {
			isa = PBXContainerItemProxy;
			containerPortal = 85FBC5E02416550B00417BAB /* Project object */;
			proxyType = 1;
			remoteGlobalIDString = 85FBC5E72416550B00417BAB;
			remoteInfo = sample;
		};
		85FBC60A2416550C00417BAB /* PBXContainerItemProxy */ = {
			isa = PBXContainerItemProxy;
			containerPortal = 85FBC5E02416550B00417BAB /* Project object */;
			proxyType = 1;
			remoteGlobalIDString = 85FBC5E72416550B00417BAB;
			remoteInfo = sample;
		};
/* End PBXContainerItemProxy section */

/* Begin PBXFileReference section */
		053FCE43BD4FF4442FA169FD /* Pods-WeSplit-WeSplitUITests.release.xcconfig */ = {isa = PBXFileReference; includeInIndex = 1; lastKnownFileType = text.xcconfig; name = "Pods-WeSplit-WeSplitUITests.release.xcconfig"; path = "Target Support Files/Pods-WeSplit-WeSplitUITests/Pods-WeSplit-WeSplitUITests.release.xcconfig"; sourceTree = "<group>"; };
		0763824AC0BA1240EE3325DE /* Pods-sample.debug.xcconfig */ = {isa = PBXFileReference; includeInIndex = 1; lastKnownFileType = text.xcconfig; name = "Pods-sample.debug.xcconfig"; path = "Target Support Files/Pods-sample/Pods-sample.debug.xcconfig"; sourceTree = "<group>"; };
		11130A5480A76D4D062DBD0F /* Pods-sample.release.xcconfig */ = {isa = PBXFileReference; includeInIndex = 1; lastKnownFileType = text.xcconfig; name = "Pods-sample.release.xcconfig"; path = "Target Support Files/Pods-sample/Pods-sample.release.xcconfig"; sourceTree = "<group>"; };
		566994CF7E393CDE8F81F2F3 /* Pods-WeSplit.release.xcconfig */ = {isa = PBXFileReference; includeInIndex = 1; lastKnownFileType = text.xcconfig; name = "Pods-WeSplit.release.xcconfig"; path = "Target Support Files/Pods-WeSplit/Pods-WeSplit.release.xcconfig"; sourceTree = "<group>"; };
		5CCB459E4B59DD3732F82A42 /* Pods-sample-sampleUITests.release.xcconfig */ = {isa = PBXFileReference; includeInIndex = 1; lastKnownFileType = text.xcconfig; name = "Pods-sample-sampleUITests.release.xcconfig"; path = "Target Support Files/Pods-sample-sampleUITests/Pods-sample-sampleUITests.release.xcconfig"; sourceTree = "<group>"; };
		5CF2CA40969E37CFA3B1867B /* Pods_WeSplitTests.framework */ = {isa = PBXFileReference; explicitFileType = wrapper.framework; includeInIndex = 0; path = Pods_WeSplitTests.framework; sourceTree = BUILT_PRODUCTS_DIR; };
		6CED3B71B529F27BE9EB1A96 /* Pods-WeSplitTests.release.xcconfig */ = {isa = PBXFileReference; includeInIndex = 1; lastKnownFileType = text.xcconfig; name = "Pods-WeSplitTests.release.xcconfig"; path = "Target Support Files/Pods-WeSplitTests/Pods-WeSplitTests.release.xcconfig"; sourceTree = "<group>"; };
		6DC8D9FAE33ED8B1A78C1562 /* Pods_WeSplit.framework */ = {isa = PBXFileReference; explicitFileType = wrapper.framework; includeInIndex = 0; path = Pods_WeSplit.framework; sourceTree = BUILT_PRODUCTS_DIR; };
		77B2904CC971AF314A1CE434 /* Pods-WeSplit-WeSplitUITests.debug.xcconfig */ = {isa = PBXFileReference; includeInIndex = 1; lastKnownFileType = text.xcconfig; name = "Pods-WeSplit-WeSplitUITests.debug.xcconfig"; path = "Target Support Files/Pods-WeSplit-WeSplitUITests/Pods-WeSplit-WeSplitUITests.debug.xcconfig"; sourceTree = "<group>"; };
		7993E33EDD69609FA0AEE374 /* Pods-sampleTests.release.xcconfig */ = {isa = PBXFileReference; includeInIndex = 1; lastKnownFileType = text.xcconfig; name = "Pods-sampleTests.release.xcconfig"; path = "Target Support Files/Pods-sampleTests/Pods-sampleTests.release.xcconfig"; sourceTree = "<group>"; };
		85FBC5E82416550B00417BAB /* WeSplit.app */ = {isa = PBXFileReference; explicitFileType = wrapper.application; includeInIndex = 0; path = WeSplit.app; sourceTree = BUILT_PRODUCTS_DIR; };
		85FBC5EB2416550B00417BAB /* AppDelegate.swift */ = {isa = PBXFileReference; lastKnownFileType = sourcecode.swift; path = AppDelegate.swift; sourceTree = "<group>"; };
		85FBC5ED2416550B00417BAB /* SceneDelegate.swift */ = {isa = PBXFileReference; lastKnownFileType = sourcecode.swift; path = SceneDelegate.swift; sourceTree = "<group>"; };
		85FBC5EF2416550B00417BAB /* ContentView.swift */ = {isa = PBXFileReference; lastKnownFileType = sourcecode.swift; path = ContentView.swift; sourceTree = "<group>"; };
		85FBC5F12416550C00417BAB /* Assets.xcassets */ = {isa = PBXFileReference; lastKnownFileType = folder.assetcatalog; path = Assets.xcassets; sourceTree = "<group>"; };
		85FBC5F42416550C00417BAB /* Preview Assets.xcassets */ = {isa = PBXFileReference; lastKnownFileType = folder.assetcatalog; path = "Preview Assets.xcassets"; sourceTree = "<group>"; };
		85FBC5F72416550C00417BAB /* Base */ = {isa = PBXFileReference; lastKnownFileType = file.storyboard; name = Base; path = Base.lproj/LaunchScreen.storyboard; sourceTree = "<group>"; };
		85FBC5F92416550C00417BAB /* Info.plist */ = {isa = PBXFileReference; lastKnownFileType = text.plist.xml; path = Info.plist; sourceTree = "<group>"; };
		85FBC5FE2416550C00417BAB /* WeSplitTests.xctest */ = {isa = PBXFileReference; explicitFileType = wrapper.cfbundle; includeInIndex = 0; path = WeSplitTests.xctest; sourceTree = BUILT_PRODUCTS_DIR; };
		85FBC6022416550C00417BAB /* sampleTests.swift */ = {isa = PBXFileReference; lastKnownFileType = sourcecode.swift; path = sampleTests.swift; sourceTree = "<group>"; };
		85FBC6042416550C00417BAB /* Info.plist */ = {isa = PBXFileReference; lastKnownFileType = text.plist.xml; path = Info.plist; sourceTree = "<group>"; };
		85FBC6092416550C00417BAB /* WeSplitUITests.xctest */ = {isa = PBXFileReference; explicitFileType = wrapper.cfbundle; includeInIndex = 0; path = WeSplitUITests.xctest; sourceTree = BUILT_PRODUCTS_DIR; };
		85FBC60D2416550C00417BAB /* sampleUITests.swift */ = {isa = PBXFileReference; lastKnownFileType = sourcecode.swift; path = sampleUITests.swift; sourceTree = "<group>"; };
		85FBC60F2416550C00417BAB /* Info.plist */ = {isa = PBXFileReference; lastKnownFileType = text.plist.xml; path = Info.plist; sourceTree = "<group>"; };
		D6C281720B1A5751367B2061 /* Pods-WeSplitTests.debug.xcconfig */ = {isa = PBXFileReference; includeInIndex = 1; lastKnownFileType = text.xcconfig; name = "Pods-WeSplitTests.debug.xcconfig"; path = "Target Support Files/Pods-WeSplitTests/Pods-WeSplitTests.debug.xcconfig"; sourceTree = "<group>"; };
		DCF71996589DBEBE9B0734E4 /* Pods-WeSplit.debug.xcconfig */ = {isa = PBXFileReference; includeInIndex = 1; lastKnownFileType = text.xcconfig; name = "Pods-WeSplit.debug.xcconfig"; path = "Target Support Files/Pods-WeSplit/Pods-WeSplit.debug.xcconfig"; sourceTree = "<group>"; };
		E4328D6171696B5119E9B4BB /* Pods-sample-sampleUITests.debug.xcconfig */ = {isa = PBXFileReference; includeInIndex = 1; lastKnownFileType = text.xcconfig; name = "Pods-sample-sampleUITests.debug.xcconfig"; path = "Target Support Files/Pods-sample-sampleUITests/Pods-sample-sampleUITests.debug.xcconfig"; sourceTree = "<group>"; };
		ED111DA2A99E6ADAADF25262 /* Pods-sampleTests.debug.xcconfig */ = {isa = PBXFileReference; includeInIndex = 1; lastKnownFileType = text.xcconfig; name = "Pods-sampleTests.debug.xcconfig"; path = "Target Support Files/Pods-sampleTests/Pods-sampleTests.debug.xcconfig"; sourceTree = "<group>"; };
		F2AD20FF8916280FD2EB1B2E /* Pods_WeSplit_WeSplitUITests.framework */ = {isa = PBXFileReference; explicitFileType = wrapper.framework; includeInIndex = 0; path = Pods_WeSplit_WeSplitUITests.framework; sourceTree = BUILT_PRODUCTS_DIR; };
/* End PBXFileReference section */

/* Begin PBXFrameworksBuildPhase section */
		85FBC5E52416550B00417BAB /* Frameworks */ = {
			isa = PBXFrameworksBuildPhase;
			buildActionMask = 2147483647;
			files = (
				9F9CD16B536E24C844223A0C /* Pods_WeSplit.framework in Frameworks */,
			);
			runOnlyForDeploymentPostprocessing = 0;
		};
		85FBC5FB2416550C00417BAB /* Frameworks */ = {
			isa = PBXFrameworksBuildPhase;
			buildActionMask = 2147483647;
			files = (
				0C72373A2393F018B6201038 /* Pods_WeSplitTests.framework in Frameworks */,
			);
			runOnlyForDeploymentPostprocessing = 0;
		};
		85FBC6062416550C00417BAB /* Frameworks */ = {
			isa = PBXFrameworksBuildPhase;
			buildActionMask = 2147483647;
			files = (
				EEBEA299607FD44E0D728C2F /* Pods_WeSplit_WeSplitUITests.framework in Frameworks */,
			);
			runOnlyForDeploymentPostprocessing = 0;
		};
/* End PBXFrameworksBuildPhase section */

/* Begin PBXGroup section */
		85FBC5DF2416550B00417BAB = {
			isa = PBXGroup;
			children = (
				85FBC5EA2416550B00417BAB /* WeSplit */,
				85FBC6012416550C00417BAB /* WeSplitTests */,
				85FBC60C2416550C00417BAB /* WeSplitUITests */,
				85FBC5E92416550B00417BAB /* Products */,
				D514ADA4DAD55ECEE255F2BC /* Pods */,
				F21903926E019F2E65E552C9 /* Frameworks */,
			);
			sourceTree = "<group>";
		};
		85FBC5E92416550B00417BAB /* Products */ = {
			isa = PBXGroup;
			children = (
				85FBC5E82416550B00417BAB /* WeSplit.app */,
				85FBC5FE2416550C00417BAB /* WeSplitTests.xctest */,
				85FBC6092416550C00417BAB /* WeSplitUITests.xctest */,
			);
			name = Products;
			sourceTree = "<group>";
		};
		85FBC5EA2416550B00417BAB /* WeSplit */ = {
			isa = PBXGroup;
			children = (
				85FBC5EB2416550B00417BAB /* AppDelegate.swift */,
				85FBC5ED2416550B00417BAB /* SceneDelegate.swift */,
				85FBC5EF2416550B00417BAB /* ContentView.swift */,
				85FBC5F12416550C00417BAB /* Assets.xcassets */,
				85FBC5F62416550C00417BAB /* LaunchScreen.storyboard */,
				85FBC5F92416550C00417BAB /* Info.plist */,
				85FBC5F32416550C00417BAB /* Preview Content */,
			);
			path = WeSplit;
			sourceTree = "<group>";
		};
		85FBC5F32416550C00417BAB /* Preview Content */ = {
			isa = PBXGroup;
			children = (
				85FBC5F42416550C00417BAB /* Preview Assets.xcassets */,
			);
			path = "Preview Content";
			sourceTree = "<group>";
		};
		85FBC6012416550C00417BAB /* WeSplitTests */ = {
			isa = PBXGroup;
			children = (
				85FBC6022416550C00417BAB /* sampleTests.swift */,
				85FBC6042416550C00417BAB /* Info.plist */,
			);
			path = WeSplitTests;
			sourceTree = "<group>";
		};
		85FBC60C2416550C00417BAB /* WeSplitUITests */ = {
			isa = PBXGroup;
			children = (
				85FBC60D2416550C00417BAB /* sampleUITests.swift */,
				85FBC60F2416550C00417BAB /* Info.plist */,
			);
			path = WeSplitUITests;
			sourceTree = "<group>";
		};
		D514ADA4DAD55ECEE255F2BC /* Pods */ = {
			isa = PBXGroup;
			children = (
				0763824AC0BA1240EE3325DE /* Pods-sample.debug.xcconfig */,
				11130A5480A76D4D062DBD0F /* Pods-sample.release.xcconfig */,
				E4328D6171696B5119E9B4BB /* Pods-sample-sampleUITests.debug.xcconfig */,
				5CCB459E4B59DD3732F82A42 /* Pods-sample-sampleUITests.release.xcconfig */,
				ED111DA2A99E6ADAADF25262 /* Pods-sampleTests.debug.xcconfig */,
				7993E33EDD69609FA0AEE374 /* Pods-sampleTests.release.xcconfig */,
				DCF71996589DBEBE9B0734E4 /* Pods-WeSplit.debug.xcconfig */,
				566994CF7E393CDE8F81F2F3 /* Pods-WeSplit.release.xcconfig */,
				77B2904CC971AF314A1CE434 /* Pods-WeSplit-WeSplitUITests.debug.xcconfig */,
				053FCE43BD4FF4442FA169FD /* Pods-WeSplit-WeSplitUITests.release.xcconfig */,
				D6C281720B1A5751367B2061 /* Pods-WeSplitTests.debug.xcconfig */,
				6CED3B71B529F27BE9EB1A96 /* Pods-WeSplitTests.release.xcconfig */,
			);
			path = Pods;
			sourceTree = "<group>";
		};
		F21903926E019F2E65E552C9 /* Frameworks */ = {
			isa = PBXGroup;
			children = (
				6DC8D9FAE33ED8B1A78C1562 /* Pods_WeSplit.framework */,
				F2AD20FF8916280FD2EB1B2E /* Pods_WeSplit_WeSplitUITests.framework */,
				5CF2CA40969E37CFA3B1867B /* Pods_WeSplitTests.framework */,
			);
			name = Frameworks;
			sourceTree = "<group>";
		};
/* End PBXGroup section */

/* Begin PBXNativeTarget section */
		85FBC5E72416550B00417BAB /* WeSplit */ = {
			isa = PBXNativeTarget;
			buildConfigurationList = 85FBC6122416550C00417BAB /* Build configuration list for PBXNativeTarget "WeSplit" */;
			buildPhases = (
				4637B2E505F0DA8C0AE57CCB /* [CP] Check Pods Manifest.lock */,
				85FBC5E42416550B00417BAB /* Sources */,
				85FBC5E52416550B00417BAB /* Frameworks */,
				85FBC5E62416550B00417BAB /* Resources */,
				5036986EB62349757239C59F /* [CP] Embed Pods Frameworks */,
			);
			buildRules = (
			);
			dependencies = (
			);
			name = WeSplit;
			productName = sample;
			productReference = 85FBC5E82416550B00417BAB /* WeSplit.app */;
			productType = "com.apple.product-type.application";
		};
		85FBC5FD2416550C00417BAB /* WeSplitTests */ = {
			isa = PBXNativeTarget;
			buildConfigurationList = 85FBC6152416550C00417BAB /* Build configuration list for PBXNativeTarget "WeSplitTests" */;
			buildPhases = (
				0B44026C69FDB8EC8C0ABE3D /* [CP] Check Pods Manifest.lock */,
				85FBC5FA2416550C00417BAB /* Sources */,
				85FBC5FB2416550C00417BAB /* Frameworks */,
				85FBC5FC2416550C00417BAB /* Resources */,
			);
			buildRules = (
			);
			dependencies = (
				85FBC6002416550C00417BAB /* PBXTargetDependency */,
			);
			name = WeSplitTests;
			productName = sampleTests;
			productReference = 85FBC5FE2416550C00417BAB /* WeSplitTests.xctest */;
			productType = "com.apple.product-type.bundle.unit-test";
		};
		85FBC6082416550C00417BAB /* WeSplitUITests */ = {
			isa = PBXNativeTarget;
			buildConfigurationList = 85FBC6182416550C00417BAB /* Build configuration list for PBXNativeTarget "WeSplitUITests" */;
			buildPhases = (
				6E943C0FA198681F48938AB7 /* [CP] Check Pods Manifest.lock */,
				85FBC6052416550C00417BAB /* Sources */,
				85FBC6062416550C00417BAB /* Frameworks */,
				85FBC6072416550C00417BAB /* Resources */,
				95A6F3BFB5BE37E31CEEFD71 /* [CP] Embed Pods Frameworks */,
			);
			buildRules = (
			);
			dependencies = (
				85FBC60B2416550C00417BAB /* PBXTargetDependency */,
			);
			name = WeSplitUITests;
			productName = sampleUITests;
			productReference = 85FBC6092416550C00417BAB /* WeSplitUITests.xctest */;
			productType = "com.apple.product-type.bundle.ui-testing";
		};
/* End PBXNativeTarget section */

/* Begin PBXProject section */
		85FBC5E02416550B00417BAB /* Project object */ = {
			isa = PBXProject;
			attributes = {
				LastSwiftUpdateCheck = 1130;
				LastUpgradeCheck = 1130;
				ORGANIZATIONNAME = "MouriTech Pvt. Ltd.";
				TargetAttributes = {
					85FBC5E72416550B00417BAB = {
						CreatedOnToolsVersion = 11.3.1;
					};
					85FBC5FD2416550C00417BAB = {
						CreatedOnToolsVersion = 11.3.1;
						TestTargetID = 85FBC5E72416550B00417BAB;
					};
					85FBC6082416550C00417BAB = {
						CreatedOnToolsVersion = 11.3.1;
						TestTargetID = 85FBC5E72416550B00417BAB;
					};
				};
			};
			buildConfigurationList = 85FBC5E32416550B00417BAB /* Build configuration list for PBXProject "WeSplit" */;
			compatibilityVersion = "Xcode 9.3";
			developmentRegion = en;
			hasScannedForEncodings = 0;
			knownRegions = (
				en,
				Base,
			);
			mainGroup = 85FBC5DF2416550B00417BAB;
			productRefGroup = 85FBC5E92416550B00417BAB /* Products */;
			projectDirPath = "";
			projectRoot = "";
			targets = (
				85FBC5E72416550B00417BAB /* WeSplit */,
				85FBC5FD2416550C00417BAB /* WeSplitTests */,
				85FBC6082416550C00417BAB /* WeSplitUITests */,
			);
		};
/* End PBXProject section */

/* Begin PBXResourcesBuildPhase section */
		85FBC5E62416550B00417BAB /* Resources */ = {
			isa = PBXResourcesBuildPhase;
			buildActionMask = 2147483647;
			files = (
				85FBC5F82416550C00417BAB /* LaunchScreen.storyboard in Resources */,
				85FBC5F52416550C00417BAB /* Preview Assets.xcassets in Resources */,
				85FBC5F22416550C00417BAB /* Assets.xcassets in Resources */,
			);
			runOnlyForDeploymentPostprocessing = 0;
		};
		85FBC5FC2416550C00417BAB /* Resources */ = {
			isa = PBXResourcesBuildPhase;
			buildActionMask = 2147483647;
			files = (
			);
			runOnlyForDeploymentPostprocessing = 0;
		};
		85FBC6072416550C00417BAB /* Resources */ = {
			isa = PBXResourcesBuildPhase;
			buildActionMask = 2147483647;
			files = (
			);
			runOnlyForDeploymentPostprocessing = 0;
		};
/* End PBXResourcesBuildPhase section */

/* Begin PBXShellScriptBuildPhase section */
		0B44026C69FDB8EC8C0ABE3D /* [CP] Check Pods Manifest.lock */ = {
			isa = PBXShellScriptBuildPhase;
			buildActionMask = 2147483647;
			files = (
			);
			inputFileListPaths = (
			);
			inputPaths = (
				"${PODS_PODFILE_DIR_PATH}/Podfile.lock",
				"${PODS_ROOT}/Manifest.lock",
			);
			name = "[CP] Check Pods Manifest.lock";
			outputFileListPaths = (
			);
			outputPaths = (
				"$(DERIVED_FILE_DIR)/Pods-WeSplitTests-checkManifestLockResult.txt",
			);
			runOnlyForDeploymentPostprocessing = 0;
			shellPath = /bin/sh;
			shellScript = "diff \"${PODS_PODFILE_DIR_PATH}/Podfile.lock\" \"${PODS_ROOT}/Manifest.lock\" > /dev/null\nif [ $? != 0 ] ; then\n    # print error to STDERR\n    echo \"error: The sandbox is not in sync with the Podfile.lock. Run 'pod install' or update your CocoaPods installation.\" >&2\n    exit 1\nfi\n# This output is used by Xcode 'outputs' to avoid re-running this script phase.\necho \"SUCCESS\" > \"${SCRIPT_OUTPUT_FILE_0}\"\n";
			showEnvVarsInLog = 0;
		};
		4637B2E505F0DA8C0AE57CCB /* [CP] Check Pods Manifest.lock */ = {
			isa = PBXShellScriptBuildPhase;
			buildActionMask = 2147483647;
			files = (
			);
			inputFileListPaths = (
			);
			inputPaths = (
				"${PODS_PODFILE_DIR_PATH}/Podfile.lock",
				"${PODS_ROOT}/Manifest.lock",
			);
			name = "[CP] Check Pods Manifest.lock";
			outputFileListPaths = (
			);
			outputPaths = (
				"$(DERIVED_FILE_DIR)/Pods-WeSplit-checkManifestLockResult.txt",
			);
			runOnlyForDeploymentPostprocessing = 0;
			shellPath = /bin/sh;
			shellScript = "diff \"${PODS_PODFILE_DIR_PATH}/Podfile.lock\" \"${PODS_ROOT}/Manifest.lock\" > /dev/null\nif [ $? != 0 ] ; then\n    # print error to STDERR\n    echo \"error: The sandbox is not in sync with the Podfile.lock. Run 'pod install' or update your CocoaPods installation.\" >&2\n    exit 1\nfi\n# This output is used by Xcode 'outputs' to avoid re-running this script phase.\necho \"SUCCESS\" > \"${SCRIPT_OUTPUT_FILE_0}\"\n";
			showEnvVarsInLog = 0;
		};
		5036986EB62349757239C59F /* [CP] Embed Pods Frameworks */ = {
			isa = PBXShellScriptBuildPhase;
			buildActionMask = 2147483647;
			files = (
			);
			inputFileListPaths = (
				"${PODS_ROOT}/Target Support Files/Pods-WeSplit/Pods-WeSplit-frameworks-${CONFIGURATION}-input-files.xcfilelist",
			);
			name = "[CP] Embed Pods Frameworks";
			outputFileListPaths = (
				"${PODS_ROOT}/Target Support Files/Pods-WeSplit/Pods-WeSplit-frameworks-${CONFIGURATION}-output-files.xcfilelist",
			);
			runOnlyForDeploymentPostprocessing = 0;
			shellPath = /bin/sh;
			shellScript = "\"${PODS_ROOT}/Target Support Files/Pods-WeSplit/Pods-WeSplit-frameworks.sh\"\n";
			showEnvVarsInLog = 0;
		};
		6E943C0FA198681F48938AB7 /* [CP] Check Pods Manifest.lock */ = {
			isa = PBXShellScriptBuildPhase;
			buildActionMask = 2147483647;
			files = (
			);
			inputFileListPaths = (
			);
			inputPaths = (
				"${PODS_PODFILE_DIR_PATH}/Podfile.lock",
				"${PODS_ROOT}/Manifest.lock",
			);
			name = "[CP] Check Pods Manifest.lock";
			outputFileListPaths = (
			);
			outputPaths = (
				"$(DERIVED_FILE_DIR)/Pods-WeSplit-WeSplitUITests-checkManifestLockResult.txt",
			);
			runOnlyForDeploymentPostprocessing = 0;
			shellPath = /bin/sh;
			shellScript = "diff \"${PODS_PODFILE_DIR_PATH}/Podfile.lock\" \"${PODS_ROOT}/Manifest.lock\" > /dev/null\nif [ $? != 0 ] ; then\n    # print error to STDERR\n    echo \"error: The sandbox is not in sync with the Podfile.lock. Run 'pod install' or update your CocoaPods installation.\" >&2\n    exit 1\nfi\n# This output is used by Xcode 'outputs' to avoid re-running this script phase.\necho \"SUCCESS\" > \"${SCRIPT_OUTPUT_FILE_0}\"\n";
			showEnvVarsInLog = 0;
		};
		95A6F3BFB5BE37E31CEEFD71 /* [CP] Embed Pods Frameworks */ = {
			isa = PBXShellScriptBuildPhase;
			buildActionMask = 2147483647;
			files = (
			);
			inputFileListPaths = (
				"${PODS_ROOT}/Target Support Files/Pods-WeSplit-WeSplitUITests/Pods-WeSplit-WeSplitUITests-frameworks-${CONFIGURATION}-input-files.xcfilelist",
			);
			name = "[CP] Embed Pods Frameworks";
			outputFileListPaths = (
				"${PODS_ROOT}/Target Support Files/Pods-WeSplit-WeSplitUITests/Pods-WeSplit-WeSplitUITests-frameworks-${CONFIGURATION}-output-files.xcfilelist",
			);
			runOnlyForDeploymentPostprocessing = 0;
			shellPath = /bin/sh;
			shellScript = "\"${PODS_ROOT}/Target Support Files/Pods-WeSplit-WeSplitUITests/Pods-WeSplit-WeSplitUITests-frameworks.sh\"\n";
			showEnvVarsInLog = 0;
		};
/* End PBXShellScriptBuildPhase section */

/* Begin PBXSourcesBuildPhase section */
		85FBC5E42416550B00417BAB /* Sources */ = {
			isa = PBXSourcesBuildPhase;
			buildActionMask = 2147483647;
			files = (
				85FBC5EC2416550B00417BAB /* AppDelegate.swift in Sources */,
				85FBC5EE2416550B00417BAB /* SceneDelegate.swift in Sources */,
				85FBC5F02416550B00417BAB /* ContentView.swift in Sources */,
			);
			runOnlyForDeploymentPostprocessing = 0;
		};
		85FBC5FA2416550C00417BAB /* Sources */ = {
			isa = PBXSourcesBuildPhase;
			buildActionMask = 2147483647;
			files = (
				85FBC6032416550C00417BAB /* sampleTests.swift in Sources */,
			);
			runOnlyForDeploymentPostprocessing = 0;
		};
		85FBC6052416550C00417BAB /* Sources */ = {
			isa = PBXSourcesBuildPhase;
			buildActionMask = 2147483647;
			files = (
				85FBC60E2416550C00417BAB /* sampleUITests.swift in Sources */,
			);
			runOnlyForDeploymentPostprocessing = 0;
		};
/* End PBXSourcesBuildPhase section */

/* Begin PBXTargetDependency section */
		85FBC6002416550C00417BAB /* PBXTargetDependency */ = {
			isa = PBXTargetDependency;
			target = 85FBC5E72416550B00417BAB /* WeSplit */;
			targetProxy = 85FBC5FF2416550C00417BAB /* PBXContainerItemProxy */;
		};
		85FBC60B2416550C00417BAB /* PBXTargetDependency */ = {
			isa = PBXTargetDependency;
			target = 85FBC5E72416550B00417BAB /* WeSplit */;
			targetProxy = 85FBC60A2416550C00417BAB /* PBXContainerItemProxy */;
		};
/* End PBXTargetDependency section */

/* Begin PBXVariantGroup section */
		85FBC5F62416550C00417BAB /* LaunchScreen.storyboard */ = {
			isa = PBXVariantGroup;
			children = (
				85FBC5F72416550C00417BAB /* Base */,
			);
			name = LaunchScreen.storyboard;
			sourceTree = "<group>";
		};
/* End PBXVariantGroup section */

/* Begin XCBuildConfiguration section */
		85FBC6102416550C00417BAB /* Debug */ = {
			isa = XCBuildConfiguration;
			buildSettings = {
				ALWAYS_SEARCH_USER_PATHS = NO;
				CLANG_ANALYZER_NONNULL = YES;
				CLANG_ANALYZER_NUMBER_OBJECT_CONVERSION = YES_AGGRESSIVE;
				CLANG_CXX_LANGUAGE_STANDARD = "gnu++14";
				CLANG_CXX_LIBRARY = "libc++";
				CLANG_ENABLE_MODULES = YES;
				CLANG_ENABLE_OBJC_ARC = YES;
				CLANG_ENABLE_OBJC_WEAK = YES;
				CLANG_WARN_BLOCK_CAPTURE_AUTORELEASING = YES;
				CLANG_WARN_BOOL_CONVERSION = YES;
				CLANG_WARN_COMMA = YES;
				CLANG_WARN_CONSTANT_CONVERSION = YES;
				CLANG_WARN_DEPRECATED_OBJC_IMPLEMENTATIONS = YES;
				CLANG_WARN_DIRECT_OBJC_ISA_USAGE = YES_ERROR;
				CLANG_WARN_DOCUMENTATION_COMMENTS = YES;
				CLANG_WARN_EMPTY_BODY = YES;
				CLANG_WARN_ENUM_CONVERSION = YES;
				CLANG_WARN_INFINITE_RECURSION = YES;
				CLANG_WARN_INT_CONVERSION = YES;
				CLANG_WARN_NON_LITERAL_NULL_CONVERSION = YES;
				CLANG_WARN_OBJC_IMPLICIT_RETAIN_SELF = YES;
				CLANG_WARN_OBJC_LITERAL_CONVERSION = YES;
				CLANG_WARN_OBJC_ROOT_CLASS = YES_ERROR;
				CLANG_WARN_RANGE_LOOP_ANALYSIS = YES;
				CLANG_WARN_STRICT_PROTOTYPES = YES;
				CLANG_WARN_SUSPICIOUS_MOVE = YES;
				CLANG_WARN_UNGUARDED_AVAILABILITY = YES_AGGRESSIVE;
				CLANG_WARN_UNREACHABLE_CODE = YES;
				CLANG_WARN__DUPLICATE_METHOD_MATCH = YES;
				COPY_PHASE_STRIP = NO;
				DEBUG_INFORMATION_FORMAT = dwarf;
				ENABLE_STRICT_OBJC_MSGSEND = YES;
				ENABLE_TESTABILITY = YES;
				GCC_C_LANGUAGE_STANDARD = gnu11;
				GCC_DYNAMIC_NO_PIC = NO;
				GCC_NO_COMMON_BLOCKS = YES;
				GCC_OPTIMIZATION_LEVEL = 0;
				GCC_PREPROCESSOR_DEFINITIONS = (
					"DEBUG=1",
					"$(inherited)",
				);
				GCC_WARN_64_TO_32_BIT_CONVERSION = YES;
				GCC_WARN_ABOUT_RETURN_TYPE = YES_ERROR;
				GCC_WARN_UNDECLARED_SELECTOR = YES;
				GCC_WARN_UNINITIALIZED_AUTOS = YES_AGGRESSIVE;
				GCC_WARN_UNUSED_FUNCTION = YES;
				GCC_WARN_UNUSED_VARIABLE = YES;
				IPHONEOS_DEPLOYMENT_TARGET = 13.2;
				MTL_ENABLE_DEBUG_INFO = INCLUDE_SOURCE;
				MTL_FAST_MATH = YES;
				ONLY_ACTIVE_ARCH = YES;
				SDKROOT = iphoneos;
				SWIFT_ACTIVE_COMPILATION_CONDITIONS = DEBUG;
				SWIFT_OPTIMIZATION_LEVEL = "-Onone";
			};
			name = Debug;
		};
		85FBC6112416550C00417BAB /* Release */ = {
			isa = XCBuildConfiguration;
			buildSettings = {
				ALWAYS_SEARCH_USER_PATHS = NO;
				CLANG_ANALYZER_NONNULL = YES;
				CLANG_ANALYZER_NUMBER_OBJECT_CONVERSION = YES_AGGRESSIVE;
				CLANG_CXX_LANGUAGE_STANDARD = "gnu++14";
				CLANG_CXX_LIBRARY = "libc++";
				CLANG_ENABLE_MODULES = YES;
				CLANG_ENABLE_OBJC_ARC = YES;
				CLANG_ENABLE_OBJC_WEAK = YES;
				CLANG_WARN_BLOCK_CAPTURE_AUTORELEASING = YES;
				CLANG_WARN_BOOL_CONVERSION = YES;
				CLANG_WARN_COMMA = YES;
				CLANG_WARN_CONSTANT_CONVERSION = YES;
				CLANG_WARN_DEPRECATED_OBJC_IMPLEMENTATIONS = YES;
				CLANG_WARN_DIRECT_OBJC_ISA_USAGE = YES_ERROR;
				CLANG_WARN_DOCUMENTATION_COMMENTS = YES;
				CLANG_WARN_EMPTY_BODY = YES;
				CLANG_WARN_ENUM_CONVERSION = YES;
				CLANG_WARN_INFINITE_RECURSION = YES;
				CLANG_WARN_INT_CONVERSION = YES;
				CLANG_WARN_NON_LITERAL_NULL_CONVERSION = YES;
				CLANG_WARN_OBJC_IMPLICIT_RETAIN_SELF = YES;
				CLANG_WARN_OBJC_LITERAL_CONVERSION = YES;
				CLANG_WARN_OBJC_ROOT_CLASS = YES_ERROR;
				CLANG_WARN_RANGE_LOOP_ANALYSIS = YES;
				CLANG_WARN_STRICT_PROTOTYPES = YES;
				CLANG_WARN_SUSPICIOUS_MOVE = YES;
				CLANG_WARN_UNGUARDED_AVAILABILITY = YES_AGGRESSIVE;
				CLANG_WARN_UNREACHABLE_CODE = YES;
				CLANG_WARN__DUPLICATE_METHOD_MATCH = YES;
				COPY_PHASE_STRIP = NO;
				DEBUG_INFORMATION_FORMAT = "dwarf-with-dsym";
				ENABLE_NS_ASSERTIONS = NO;
				ENABLE_STRICT_OBJC_MSGSEND = YES;
				GCC_C_LANGUAGE_STANDARD = gnu11;
				GCC_NO_COMMON_BLOCKS = YES;
				GCC_WARN_64_TO_32_BIT_CONVERSION = YES;
				GCC_WARN_ABOUT_RETURN_TYPE = YES_ERROR;
				GCC_WARN_UNDECLARED_SELECTOR = YES;
				GCC_WARN_UNINITIALIZED_AUTOS = YES_AGGRESSIVE;
				GCC_WARN_UNUSED_FUNCTION = YES;
				GCC_WARN_UNUSED_VARIABLE = YES;
				IPHONEOS_DEPLOYMENT_TARGET = 13.2;
				MTL_ENABLE_DEBUG_INFO = NO;
				MTL_FAST_MATH = YES;
				SDKROOT = iphoneos;
				SWIFT_COMPILATION_MODE = wholemodule;
				SWIFT_OPTIMIZATION_LEVEL = "-O";
				VALIDATE_PRODUCT = YES;
			};
			name = Release;
		};
		85FBC6132416550C00417BAB /* Debug */ = {
			isa = XCBuildConfiguration;
			baseConfigurationReference = DCF71996589DBEBE9B0734E4 /* Pods-WeSplit.debug.xcconfig */;
			buildSettings = {
				ASSETCATALOG_COMPILER_APPICON_NAME = AppIcon;
				CODE_SIGN_STYLE = Automatic;
				DEVELOPMENT_ASSET_PATHS = "\"WeSplit/Preview Content\"";
				ENABLE_PREVIEWS = YES;
				INFOPLIST_FILE = WeSplit/Info.plist;
				LD_RUNPATH_SEARCH_PATHS = (
					"$(inherited)",
					"@executable_path/Frameworks",
				);
				PRODUCT_BUNDLE_IDENTIFIER = com.mouritech.WeSplit;
				PRODUCT_NAME = "$(TARGET_NAME)";
				SWIFT_VERSION = 5.0;
				TARGETED_DEVICE_FAMILY = "1,2";
			};
			name = Debug;
		};
		85FBC6142416550C00417BAB /* Release */ = {
			isa = XCBuildConfiguration;
			baseConfigurationReference = 566994CF7E393CDE8F81F2F3 /* Pods-WeSplit.release.xcconfig */;
			buildSettings = {
				ASSETCATALOG_COMPILER_APPICON_NAME = AppIcon;
				CODE_SIGN_STYLE = Automatic;
				DEVELOPMENT_ASSET_PATHS = "\"WeSplit/Preview Content\"";
				ENABLE_PREVIEWS = YES;
				INFOPLIST_FILE = WeSplit/Info.plist;
				LD_RUNPATH_SEARCH_PATHS = (
					"$(inherited)",
					"@executable_path/Frameworks",
				);
				PRODUCT_BUNDLE_IDENTIFIER = com.mouritech.WeSplit;
				PRODUCT_NAME = "$(TARGET_NAME)";
				SWIFT_VERSION = 5.0;
				TARGETED_DEVICE_FAMILY = "1,2";
			};
			name = Release;
		};
		85FBC6162416550C00417BAB /* Debug */ = {
			isa = XCBuildConfiguration;
			baseConfigurationReference = D6C281720B1A5751367B2061 /* Pods-WeSplitTests.debug.xcconfig */;
			buildSettings = {
				ALWAYS_EMBED_SWIFT_STANDARD_LIBRARIES = YES;
				BUNDLE_LOADER = "$(TEST_HOST)";
				CODE_SIGN_STYLE = Automatic;
				INFOPLIST_FILE = sampleTests/Info.plist;
				IPHONEOS_DEPLOYMENT_TARGET = 13.2;
				LD_RUNPATH_SEARCH_PATHS = (
					"$(inherited)",
					"@executable_path/Frameworks",
					"@loader_path/Frameworks",
				);
				PRODUCT_BUNDLE_IDENTIFIER = com.mouritech.sampleTests;
				PRODUCT_NAME = "$(TARGET_NAME)";
				SWIFT_VERSION = 5.0;
				TARGETED_DEVICE_FAMILY = "1,2";
				TEST_HOST = "$(BUILT_PRODUCTS_DIR)/WeSplit.app/WeSplit";
			};
			name = Debug;
		};
		85FBC6172416550C00417BAB /* Release */ = {
			isa = XCBuildConfiguration;
			baseConfigurationReference = 6CED3B71B529F27BE9EB1A96 /* Pods-WeSplitTests.release.xcconfig */;
			buildSettings = {
				ALWAYS_EMBED_SWIFT_STANDARD_LIBRARIES = YES;
				BUNDLE_LOADER = "$(TEST_HOST)";
				CODE_SIGN_STYLE = Automatic;
				INFOPLIST_FILE = sampleTests/Info.plist;
				IPHONEOS_DEPLOYMENT_TARGET = 13.2;
				LD_RUNPATH_SEARCH_PATHS = (
					"$(inherited)",
					"@executable_path/Frameworks",
					"@loader_path/Frameworks",
				);
				PRODUCT_BUNDLE_IDENTIFIER = com.mouritech.sampleTests;
				PRODUCT_NAME = "$(TARGET_NAME)";
				SWIFT_VERSION = 5.0;
				TARGETED_DEVICE_FAMILY = "1,2";
				TEST_HOST = "$(BUILT_PRODUCTS_DIR)/WeSplit.app/WeSplit";
			};
			name = Release;
		};
		85FBC6192416550C00417BAB /* Debug */ = {
			isa = XCBuildConfiguration;
			baseConfigurationReference = 77B2904CC971AF314A1CE434 /* Pods-WeSplit-WeSplitUITests.debug.xcconfig */;
			buildSettings = {
				ALWAYS_EMBED_SWIFT_STANDARD_LIBRARIES = YES;
				CODE_SIGN_STYLE = Automatic;
				INFOPLIST_FILE = sampleUITests/Info.plist;
				LD_RUNPATH_SEARCH_PATHS = (
					"$(inherited)",
					"@executable_path/Frameworks",
					"@loader_path/Frameworks",
				);
				PRODUCT_BUNDLE_IDENTIFIER = com.mouritech.sampleUITests;
				PRODUCT_NAME = "$(TARGET_NAME)";
				SWIFT_VERSION = 5.0;
				TARGETED_DEVICE_FAMILY = "1,2";
				TEST_TARGET_NAME = sample;
			};
			name = Debug;
		};
		85FBC61A2416550C00417BAB /* Release */ = {
			isa = XCBuildConfiguration;
			baseConfigurationReference = 053FCE43BD4FF4442FA169FD /* Pods-WeSplit-WeSplitUITests.release.xcconfig */;
			buildSettings = {
				ALWAYS_EMBED_SWIFT_STANDARD_LIBRARIES = YES;
				CODE_SIGN_STYLE = Automatic;
				INFOPLIST_FILE = sampleUITests/Info.plist;
				LD_RUNPATH_SEARCH_PATHS = (
					"$(inherited)",
					"@executable_path/Frameworks",
					"@loader_path/Frameworks",
				);
				PRODUCT_BUNDLE_IDENTIFIER = com.mouritech.sampleUITests;
				PRODUCT_NAME = "$(TARGET_NAME)";
				SWIFT_VERSION = 5.0;
				TARGETED_DEVICE_FAMILY = "1,2";
				TEST_TARGET_NAME = sample;
			};
			name = Release;
		};
/* End XCBuildConfiguration section */

/* Begin XCConfigurationList section */
		85FBC5E32416550B00417BAB /* Build configuration list for PBXProject "WeSplit" */ = {
			isa = XCConfigurationList;
			buildConfigurations = (
				85FBC6102416550C00417BAB /* Debug */,
				85FBC6112416550C00417BAB /* Release */,
			);
			defaultConfigurationIsVisible = 0;
			defaultConfigurationName = Release;
		};
		85FBC6122416550C00417BAB /* Build configuration list for PBXNativeTarget "WeSplit" */ = {
			isa = XCConfigurationList;
			buildConfigurations = (
				85FBC6132416550C00417BAB /* Debug */,
				85FBC6142416550C00417BAB /* Release */,
			);
			defaultConfigurationIsVisible = 0;
			defaultConfigurationName = Release;
		};
		85FBC6152416550C00417BAB /* Build configuration list for PBXNativeTarget "WeSplitTests" */ = {
			isa = XCConfigurationList;
			buildConfigurations = (
				85FBC6162416550C00417BAB /* Debug */,
				85FBC6172416550C00417BAB /* Release */,
			);
			defaultConfigurationIsVisible = 0;
			defaultConfigurationName = Release;
		};
		85FBC6182416550C00417BAB /* Build configuration list for PBXNativeTarget "WeSplitUITests" */ = {
			isa = XCConfigurationList;
			buildConfigurations = (
				85FBC6192416550C00417BAB /* Debug */,
				85FBC61A2416550C00417BAB /* Release */,
			);
			defaultConfigurationIsVisible = 0;
			defaultConfigurationName = Release;
		};
/* End XCConfigurationList section */
	};
	rootObject = 85FBC5E02416550B00417BAB /* Project object */;
}
